// !$*UTF8*$!
{
	archiveVersion = 1;
	classes = {
	};
	objectVersion = 110;
	objects = {

/* Begin PBXContainerItemProxy section */
		F2925E343060B95700806E73 /* PBXContainerItemProxy */ = {
			isa = PBXContainerItemProxy;
			containerPortal = F2925E1A3060B95600806E73 /* Project object */;
			proxyType = 1;
			remoteGlobalIDString = F2925E213060B95600806E73;
			remoteInfo = KKT;
		};
		F2925E3E3060B95700806E73 /* PBXContainerItemProxy */ = {
			isa = PBXContainerItemProxy;
			containerPortal = F2925E1A3060B95600806E73 /* Project object */;
			proxyType = 1;
			remoteGlobalIDString = F2925E213060B95600806E73;
			remoteInfo = KKT;
		};
/* End PBXContainerItemProxy section */

/* Begin PBXFileReference section */
		F2925E223060B95600806E73 /* KKT.app */ = {isa = PBXFileReference; explicitFileType = wrapper.application; includeInIndex = 0; path = KKT.app; sourceTree = BUILT_PRODUCTS_DIR; };
		F2925E333060B95700806E73 /* KKTTests.xctest */ = {isa = PBXFileReference; explicitFileType = wrapper.cfbundle; includeInIndex = 0; path = KKTTests.xctest; sourceTree = BUILT_PRODUCTS_DIR; };
		F2925E3D3060B95700806E73 /* KKTUITests.xctest */ = {isa = PBXFileReference; explicitFileType = wrapper.cfbundle; includeInIndex = 0; path = KKTUITests.xctest; sourceTree = BUILT_PRODUCTS_DIR; };
/* End PBXFileReference section */

/* Begin PBXFileSystemSynchronizedBuildFileExceptionSet section */
		F2925E433060B95700806E73 /* Exceptions for "KKT" folder in "KKT" target */ = {
			isa = PBXFileSystemSynchronizedBuildFileExceptionSet;
			membershipExceptions = (
				Info.plist,
			);
			target = F2925E213060B95600806E73 /* KKT */;
		};
/* End PBXFileSystemSynchronizedBuildFileExceptionSet section */

/* Begin PBXFileSystemSynchronizedRootGroup section */
		F2925E243060B95600806E73 /* KKT */ = {
			isa = PBXFileSystemSynchronizedRootGroup;
			exceptions = (
				F2925E433060B95700806E73 /* Exceptions for "KKT" folder in "KKT" target */,
			);
			path = KKT;
			sourceTree = "<group>";
		};
		F2925E363060B95700806E73 /* KKTTests */ = {
			isa = PBXFileSystemSynchronizedRootGroup;
			path = KKTTests;
			sourceTree = "<group>";
		};
		F2925E403060B95700806E73 /* KKTUITests */ = {
			isa = PBXFileSystemSynchronizedRootGroup;
			path = KKTUITests;
			sourceTree = "<group>";
		};
/* End PBXFileSystemSynchronizedRootGroup section */

/* Begin PBXFrameworksBuildPhase section */
		F2925E1F3060B95600806E73 /* Frameworks */ = {
			isa = PBXFrameworksBuildPhase;
			files = (
			);
		};
		F2925E303060B95700806E73 /* Frameworks */ = {
			isa = PBXFrameworksBuildPhase;
			files = (
			);
		};
		F2925E3A3060B95700806E73 /* Frameworks */ = {
			isa = PBXFrameworksBuildPhase;
			files = (
			);
		};
/* End PBXFrameworksBuildPhase section */

/* Begin PBXGroup section */
		F2925E193060B95600806E73 = {
			isa = PBXGroup;
			children = (
				F2925E243060B95600806E73 /* KKT */,
				F2925E363060B95700806E73 /* KKTTests */,
				F2925E403060B95700806E73 /* KKTUITests */,
				F2925E233060B95600806E73 /* Products */,
			);
			sourceTree = "<group>";
		};
		F2925E233060B95600806E73 /* Products */ = {
			isa = PBXGroup;
			children = (
				F2925E223060B95600806E73 /* KKT.app */,
				F2925E333060B95700806E73 /* KKTTests.xctest */,
				F2925E3D3060B95700806E73 /* KKTUITests.xctest */,
			);
			name = Products;
			sourceTree = "<group>";
		};
/* End PBXGroup section */

/* Begin PBXNativeTarget section */
		F2925E213060B95600806E73 /* KKT */ = {
			isa = PBXNativeTarget;
			buildConfigurationList = F2925E443060B95700806E73 /* Build configuration list for PBXNativeTarget "KKT" */;
			buildPhases = (
				F2925E1E3060B95600806E73 /* Sources */,
				F2925E1F3060B95600806E73 /* Frameworks */,
				F2925E203060B95600806E73 /* Resources */,
			);
			buildRules = (
			);
			fileSystemSynchronizedGroups = (
				F2925E243060B95600806E73 /* KKT */,
			);
			name = KKT;
			productName = KKT;
			productReference = F2925E223060B95600806E73 /* KKT.app */;
			productType = "com.apple.product-type.application";
		};
		F2925E323060B95700806E73 /* KKTTests */ = {
			isa = PBXNativeTarget;
			buildConfigurationList = F2925E493060B95700806E73 /* Build configuration list for PBXNativeTarget "KKTTests" */;
			buildPhases = (
				F2925E2F3060B95700806E73 /* Sources */,
				F2925E303060B95700806E73 /* Frameworks */,
				F2925E313060B95700806E73 /* Resources */,
			);
			buildRules = (
			);
			dependencies = (
				F2925E353060B95700806E73 /* PBXTargetDependency */,
			);
			fileSystemSynchronizedGroups = (
				F2925E363060B95700806E73 /* KKTTests */,
			);
			name = KKTTests;
			productName = KKTTests;
			productReference = F2925E333060B95700806E73 /* KKTTests.xctest */;
			productType = "com.apple.product-type.bundle.unit-test";
		};
		F2925E3C3060B95700806E73 /* KKTUITests */ = {
			isa = PBXNativeTarget;
			buildConfigurationList = F2925E4C3060B95700806E73 /* Build configuration list for PBXNativeTarget "KKTUITests" */;
			buildPhases = (
				F2925E393060B95700806E73 /* Sources */,
				F2925E3A3060B95700806E73 /* Frameworks */,
				F2925E3B3060B95700806E73 /* Resources */,
			);
			buildRules = (
			);
			dependencies = (
				F2925E3F3060B95700806E73 /* PBXTargetDependency */,
			);
			fileSystemSynchronizedGroups = (
				F2925E403060B95700806E73 /* KKTUITests */,
			);
			name = KKTUITests;
			productName = KKTUITests;
			productReference = F2925E3D3060B95700806E73 /* KKTUITests.xctest */;
			productType = "com.apple.product-type.bundle.ui-testing";
		};
/* End PBXNativeTarget section */

/* Begin PBXProject section */
		F2925E1A3060B95600806E73 /* Project object */ = {
			isa = PBXProject;
			attributes = {
				BuildIndependentTargetsInParallel = 1;
				LastSwiftUpdateCheck = 2700;
				LastUpgradeCheck = 2700;
				TargetAttributes = {
					F2925E213060B95600806E73 = {
						CreatedOnToolsVersion = 27.0;
					};
					F2925E323060B95700806E73 = {
						CreatedOnToolsVersion = 27.0;
						TestTargetID = F2925E213060B95600806E73;
					};
					F2925E3C3060B95700806E73 = {
						CreatedOnToolsVersion = 27.0;
						TestTargetID = F2925E213060B95600806E73;
					};
				};
			};
			buildConfigurationList = F2925E1D3060B95600806E73 /* Build configuration list for PBXProject "KKT" */;
			developmentRegion = en;
			hasScannedForEncodings = 0;
			knownRegions = (
				en,
				Base,
			);
			mainGroup = F2925E193060B95600806E73;
			minimizedProjectReferenceProxies = 1;
			preferredProjectObjectVersion = 77;
			productRefGroup = F2925E233060B95600806E73 /* Products */;
			projectDirPath = "";
			projectRoot = "";
			targets = (
				F2925E213060B95600806E73 /* KKT */,
				F2925E323060B95700806E73 /* KKTTests */,
				F2925E3C3060B95700806E73 /* KKTUITests */,
			);
		};
/* End PBXProject section */

/* Begin PBXResourcesBuildPhase section */
		F2925E203060B95600806E73 /* Resources */ = {
			isa = PBXResourcesBuildPhase;
			files = (
			);
		};
		F2925E313060B95700806E73 /* Resources */ = {
			isa = PBXResourcesBuildPhase;
			files = (
			);
		};
		F2925E3B3060B95700806E73 /* Resources */ = {
			isa = PBXResourcesBuildPhase;
			files = (
			);
		};
/* End PBXResourcesBuildPhase section */

/* Begin PBXSourcesBuildPhase section */
		F2925E1E3060B95600806E73 /* Sources */ = {
			isa = PBXSourcesBuildPhase;
			files = (
			);
		};
		F2925E2F3060B95700806E73 /* Sources */ = {
			isa = PBXSourcesBuildPhase;
			files = (
			);
		};
		F2925E393060B95700806E73 /* Sources */ = {
			isa = PBXSourcesBuildPhase;
			files = (
			);
		};
/* End PBXSourcesBuildPhase section */

/* Begin PBXTargetDependency section */
		F2925E353060B95700806E73 /* PBXTargetDependency */ = {
			isa = PBXTargetDependency;
			target = F2925E213060B95600806E73 /* KKT */;
			targetProxy = F2925E343060B95700806E73 /* PBXContainerItemProxy */;
		};
		F2925E3F3060B95700806E73 /* PBXTargetDependency */ = {
			isa = PBXTargetDependency;
			target = F2925E213060B95600806E73 /* KKT */;
			targetProxy = F2925E3E3060B95700806E73 /* PBXContainerItemProxy */;
		};
/* End PBXTargetDependency section */

/* Begin XCBuildConfiguration section */
		F2925E453060B95700806E73 /* Debug configuration for PBXNativeTarget "KKT" */ = {
			isa = XCBuildConfiguration;
			buildSettings = {
				ASSETCATALOG_COMPILER_APPICON_NAME = AppIcon;
				ASSETCATALOG_COMPILER_GLOBAL_ACCENT_COLOR_NAME = AccentColor;
				CODE_SIGN_ENTITLEMENTS = KKT/KKT.entitlements;
				CODE_SIGN_STYLE = Automatic;
				CURRENT_PROJECT_VERSION = 1;
				DEVELOPMENT_TEAM = 7QHPJT7WN3;
				ENABLE_PREVIEWS = YES;
				GENERATE_INFOPLIST_FILE = YES;
				INFOPLIST_FILE = KKT/Info.plist;
				INFOPLIST_KEY_UIApplicationSceneManifest_Generation = YES;
				INFOPLIST_KEY_UIApplicationSupportsIndirectInputEvents = YES;
				INFOPLIST_KEY_UILaunchScreen_Generation = YES;
				INFOPLIST_KEY_UISupportedInterfaceOrientations_iPad = "UIInterfaceOrientationPortrait UIInterfaceOrientationPortraitUpsideDown UIInterfaceOrientationLandscapeLeft UIInterfaceOrientationLandscapeRight";
				INFOPLIST_KEY_UISupportedInterfaceOrientations_iPhone = "UIInterfaceOrientationPortrait UIInterfaceOrientationLandscapeLeft UIInterfaceOrientationLandscapeRight";
				LD_RUNPATH_SEARCH_PATHS = (
					"$(inherited)",
					"@executable_path/Frameworks",
				);
				MARKETING_VERSION = 1.0;
				PRODUCT_BUNDLE_IDENTIFIER = Swordfinger.KKT;
				PRODUCT_NAME = "$(TARGET_NAME)";
				STRING_CATALOG_GENERATE_SYMBOLS = YES;
				SWIFT_APPROACHABLE_CONCURRENCY = YES;
				SWIFT_DEFAULT_ACTOR_ISOLATION = MainActor;
				SWIFT_EMIT_LOC_STRINGS = YES;
				SWIFT_UPCOMING_FEATURE_MEMBER_IMPORT_VISIBILITY = YES;
				SWIFT_VERSION = 5.0;
				TARGETED_DEVICE_FAMILY = "1,2";
			};
			name = Debug;
		};
		F2925E463060B95700806E73 /* Release configuration for PBXNativeTarget "KKT" */ = {
			isa = XCBuildConfiguration;
			buildSettings = {
				ASSETCATALOG_COMPILER_APPICON_NAME = AppIcon;
				ASSETCATALOG_COMPILER_GLOBAL_ACCENT_COLOR_NAME = AccentColor;
				CODE_SIGN_ENTITLEMENTS = KKT/KKT.entitlements;
				CODE_SIGN_STYLE = Automatic;
				CURRENT_PROJECT_VERSION = 1;
				DEVELOPMENT_TEAM = 7QHPJT7WN3;
				ENABLE_PREVIEWS = YES;
				GENERATE_INFOPLIST_FILE = YES;
				INFOPLIST_FILE = KKT/Info.plist;
				INFOPLIST_KEY_UIApplicationSceneManifest_Generation = YES;
				INFOPLIST_KEY_UIApplicationSupportsIndirectInputEvents = YES;
				INFOPLIST_KEY_UILaunchScreen_Generation = YES;
				INFOPLIST_KEY_UISupportedInterfaceOrientations_iPad = "UIInterfaceOrientationPortrait UIInterfaceOrientationPortraitUpsideDown UIInterfaceOrientationLandscapeLeft UIInterfaceOrientationLandscapeRight";
				INFOPLIST_KEY_UISupportedInterfaceOrientations_iPhone = "UIInterfaceOrientationPortrait UIInterfaceOrientationLandscapeLeft UIInterfaceOrientationLandscapeRight";
				LD_RUNPATH_SEARCH_PATHS = (
					"$(inherited)",
					"@executable_path/Frameworks",
				);
				MARKETING_VERSION = 1.0;
				PRODUCT_BUNDLE_IDENTIFIER = Swordfinger.KKT;
				PRODUCT_NAME = "$(TARGET_NAME)";
				STRING_CATALOG_GENERATE_SYMBOLS = YES;
				SWIFT_APPROACHABLE_CONCURRENCY = YES;
				SWIFT_DEFAULT_ACTOR_ISOLATION = MainActor;
				SWIFT_EMIT_LOC_STRINGS = YES;
				SWIFT_UPCOMING_FEATURE_MEMBER_IMPORT_VISIBILITY = YES;
				SWIFT_VERSION = 5.0;
				TARGETED_DEVICE_FAMILY = "1,2";
			};
			name = Release;
		};
		F2925E473060B95700806E73 /* Debug configuration for PBXProject "KKT" */ = {
			isa = XCBuildConfiguration;
			buildSettings = {
				ALWAYS_SEARCH_USER_PATHS = NO;
				ASSETCATALOG_COMPILER_GENERATE_SWIFT_ASSET_SYMBOL_EXTENSIONS = YES;
				CLANG_ANALYZER_NONNULL = YES;
				CLANG_ANALYZER_NUMBER_OBJECT_CONVERSION = YES_AGGRESSIVE;
				CLANG_CXX_LANGUAGE_STANDARD = "gnu++20";
				CLANG_ENABLE_MODULES = YES;
				CLANG_ENABLE_OBJC_ARC = YES;
				CLANG_ENABLE_OBJC_WEAK = YES;
				CLANG_WARN_BLOCK_CAPTURE_AUTORELEASING = YES;
				CLANG_WARN_BOOL_CONVERSION = YES;
				CLANG_WARN_COMMA = YES;
				CLANG_WARN_CONSTANT_CONVERSION = YES;
				CLANG_WARN_DEPRECATED_OBJC_IMPLEMENTATIONS = YES;
				CLANG_WARN_DIRECT_OBJC_ISA_USAGE = YES_ERROR;
				CLANG_WARN_DOCUMENTATION_COMMENTS = YES;
				CLANG_WARN_EMPTY_BODY = YES;
				CLANG_WARN_ENUM_CONVERSION = YES;
				CLANG_WARN_INFINITE_RECURSION = YES;
				CLANG_WARN_INT_CONVERSION = YES;
				CLANG_WARN_NON_LITERAL_NULL_CONVERSION = YES;
				CLANG_WARN_OBJC_IMPLICIT_RETAIN_SELF = YES;
				CLANG_WARN_OBJC_LITERAL_CONVERSION = YES;
				CLANG_WARN_OBJC_ROOT_CLASS = YES_ERROR;
				CLANG_WARN_QUOTED_INCLUDE_IN_FRAMEWORK_HEADER = YES;
				CLANG_WARN_RANGE_LOOP_ANALYSIS = YES;
				CLANG_WARN_STRICT_PROTOTYPES = YES;
				CLANG_WARN_SUSPICIOUS_MOVE = YES;
				CLANG_WARN_UNGUARDED_AVAILABILITY = YES_AGGRESSIVE;
				CLANG_WARN_UNREACHABLE_CODE = YES;
				CLANG_WARN__DUPLICATE_METHOD_MATCH = YES;
				COPY_PHASE_STRIP = NO;
				DEBUG_INFORMATION_FORMAT = dwarf;
				DEVELOPMENT_TEAM = 7QHPJT7WN3;
				ENABLE_STRICT_OBJC_MSGSEND = YES;
				ENABLE_TESTABILITY = YES;
				ENABLE_USER_SCRIPT_SANDBOXING = YES;
				GCC_C_LANGUAGE_STANDARD = gnu17;
				GCC_DYNAMIC_NO_PIC = NO;
				GCC_NO_COMMON_BLOCKS = YES;
				GCC_OPTIMIZATION_LEVEL = 0;
				GCC_PREPROCESSOR_DEFINITIONS = (
					"DEBUG=1",
					"$(inherited)",
				);
				GCC_WARN_64_TO_32_BIT_CONVERSION = YES;
				GCC_WARN_ABOUT_RETURN_TYPE = YES_ERROR;
				GCC_WARN_UNDECLARED_SELECTOR = YES;
				GCC_WARN_UNINITIALIZED_AUTOS = YES_AGGRESSIVE;
				GCC_WARN_UNUSED_FUNCTION = YES;
				GCC_WARN_UNUSED_VARIABLE = YES;
				IPHONEOS_DEPLOYMENT_TARGET = 27.0;
				LOCALIZATION_PREFERS_STRING_CATALOGS = YES;
				MTL_ENABLE_DEBUG_INFO = INCLUDE_SOURCE;
				MTL_FAST_MATH = YES;
				ONLY_ACTIVE_ARCH = YES;
				SDKROOT = iphoneos;
				SWIFT_ACTIVE_COMPILATION_CONDITIONS = "DEBUG $(inherited)";
				SWIFT_OPTIMIZATION_LEVEL = "-Onone";
			};
			name = Debug;
		};
		F2925E483060B95700806E73 /* Release configuration for PBXProject "KKT" */ = {
			isa = XCBuildConfiguration;
			buildSettings = {
				ALWAYS_SEARCH_USER_PATHS = NO;
				ASSETCATALOG_COMPILER_GENERATE_SWIFT_ASSET_SYMBOL_EXTENSIONS = YES;
				CLANG_ANALYZER_NONNULL = YES;
				CLANG_ANALYZER_NUMBER_OBJECT_CONVERSION = YES_AGGRESSIVE;
				CLANG_CXX_LANGUAGE_STANDARD = "gnu++20";
				CLANG_ENABLE_MODULES = YES;
				CLANG_ENABLE_OBJC_ARC = YES;
				CLANG_ENABLE_OBJC_WEAK = YES;
				CLANG_WARN_BLOCK_CAPTURE_AUTORELEASING = YES;
				CLANG_WARN_BOOL_CONVERSION = YES;
				CLANG_WARN_COMMA = YES;
				CLANG_WARN_CONSTANT_CONVERSION = YES;
				CLANG_WARN_DEPRECATED_OBJC_IMPLEMENTATIONS = YES;
				CLANG_WARN_DIRECT_OBJC_ISA_USAGE = YES_ERROR;
				CLANG_WARN_DOCUMENTATION_COMMENTS = YES;
				CLANG_WARN_EMPTY_BODY = YES;
				CLANG_WARN_ENUM_CONVERSION = YES;
				CLANG_WARN_INFINITE_RECURSION = YES;
				CLANG_WARN_INT_CONVERSION = YES;
				CLANG_WARN_NON_LITERAL_NULL_CONVERSION = YES;
				CLANG_WARN_OBJC_IMPLICIT_RETAIN_SELF = YES;
				CLANG_WARN_OBJC_LITERAL_CONVERSION = YES;
				CLANG_WARN_OBJC_ROOT_CLASS = YES_ERROR;
				CLANG_WARN_QUOTED_INCLUDE_IN_FRAMEWORK_HEADER = YES;
				CLANG_WARN_RANGE_LOOP_ANALYSIS = YES;
				CLANG_WARN_STRICT_PROTOTYPES = YES;
				CLANG_WARN_SUSPICIOUS_MOVE = YES;
				CLANG_WARN_UNGUARDED_AVAILABILITY = YES_AGGRESSIVE;
				CLANG_WARN_UNREACHABLE_CODE = YES;
				CLANG_WARN__DUPLICATE_METHOD_MATCH = YES;
				COPY_PHASE_STRIP = NO;
				DEBUG_INFORMATION_FORMAT = "dwarf-with-dsym";
				DEVELOPMENT_TEAM = 7QHPJT7WN3;
				ENABLE_NS_ASSERTIONS = NO;
				ENABLE_STRICT_OBJC_MSGSEND = YES;
				ENABLE_USER_SCRIPT_SANDBOXING = YES;
				GCC_C_LANGUAGE_STANDARD = gnu17;
				GCC_NO_COMMON_BLOCKS = YES;
				GCC_WARN_64_TO_32_BIT_CONVERSION = YES;
				GCC_WARN_ABOUT_RETURN_TYPE = YES_ERROR;
				GCC_WARN_UNDECLARED_SELECTOR = YES;
				GCC_WARN_UNINITIALIZED_AUTOS = YES_AGGRESSIVE;
				GCC_WARN_UNUSED_FUNCTION = YES;
				GCC_WARN_UNUSED_VARIABLE = YES;
				IPHONEOS_DEPLOYMENT_TARGET = 27.0;
				LOCALIZATION_PREFERS_STRING_CATALOGS = YES;
				MTL_ENABLE_DEBUG_INFO = NO;
				MTL_FAST_MATH = YES;
				SDKROOT = iphoneos;
				SWIFT_COMPILATION_MODE = wholemodule;
				VALIDATE_PRODUCT = YES;
			};
			name = Release;
		};
		F2925E4A3060B95700806E73 /* Debug configuration for PBXNativeTarget "KKTTests" */ = {
			isa = XCBuildConfiguration;
			buildSettings = {
				BUNDLE_LOADER = "$(TEST_HOST)";
				CODE_SIGN_STYLE = Automatic;
				CURRENT_PROJECT_VERSION = 1;
				DEVELOPMENT_TEAM = 7QHPJT7WN3;
				GENERATE_INFOPLIST_FILE = YES;
				IPHONEOS_DEPLOYMENT_TARGET = 27.0;
				MARKETING_VERSION = 1.0;
				PRODUCT_BUNDLE_IDENTIFIER = Swordfinger.KKTTests;
				PRODUCT_NAME = "$(TARGET_NAME)";
				STRING_CATALOG_GENERATE_SYMBOLS = NO;
				SWIFT_APPROACHABLE_CONCURRENCY = YES;
				SWIFT_EMIT_LOC_STRINGS = NO;
				SWIFT_UPCOMING_FEATURE_MEMBER_IMPORT_VISIBILITY = YES;
				SWIFT_VERSION = 5.0;
				TARGETED_DEVICE_FAMILY = "1,2";
				TEST_HOST = "$(BUILT_PRODUCTS_DIR)/KKT.app/$(BUNDLE_EXECUTABLE_FOLDER_PATH)/KKT";
			};
			name = Debug;
		};
		F2925E4B3060B95700806E73 /* Release configuration for PBXNativeTarget "KKTTests" */ = {
			isa = XCBuildConfiguration;
			buildSettings = {
				BUNDLE_LOADER = "$(TEST_HOST)";
				CODE_SIGN_STYLE = Automatic;
				CURRENT_PROJECT_VERSION = 1;
				DEVELOPMENT_TEAM = 7QHPJT7WN3;
				GENERATE_INFOPLIST_FILE = YES;
				IPHONEOS_DEPLOYMENT_TARGET = 27.0;
				MARKETING_VERSION = 1.0;
				PRODUCT_BUNDLE_IDENTIFIER = Swordfinger.KKTTests;
				PRODUCT_NAME = "$(TARGET_NAME)";
				STRING_CATALOG_GENERATE_SYMBOLS = NO;
				SWIFT_APPROACHABLE_CONCURRENCY = YES;
				SWIFT_EMIT_LOC_STRINGS = NO;
				SWIFT_UPCOMING_FEATURE_MEMBER_IMPORT_VISIBILITY = YES;
				SWIFT_VERSION = 5.0;
				TARGETED_DEVICE_FAMILY = "1,2";
				TEST_HOST = "$(BUILT_PRODUCTS_DIR)/KKT.app/$(BUNDLE_EXECUTABLE_FOLDER_PATH)/KKT";
			};
			name = Release;
		};
		F2925E4D3060B95700806E73 /* Debug configuration for PBXNativeTarget "KKTUITests" */ = {
			isa = XCBuildConfiguration;
			buildSettings = {
				CODE_SIGN_STYLE = Automatic;
				CURRENT_PROJECT_VERSION = 1;
				DEVELOPMENT_TEAM = 7QHPJT7WN3;
				GENERATE_INFOPLIST_FILE = YES;
				MARKETING_VERSION = 1.0;
				PRODUCT_BUNDLE_IDENTIFIER = Swordfinger.KKTUITests;
				PRODUCT_NAME = "$(TARGET_NAME)";
				STRING_CATALOG_GENERATE_SYMBOLS = NO;
				SWIFT_APPROACHABLE_CONCURRENCY = YES;
				SWIFT_EMIT_LOC_STRINGS = NO;
				SWIFT_UPCOMING_FEATURE_MEMBER_IMPORT_VISIBILITY = YES;
				SWIFT_VERSION = 5.0;
				TARGETED_DEVICE_FAMILY = "1,2";
				TEST_TARGET_NAME = KKT;
			};
			name = Debug;
		};
		F2925E4E3060B95700806E73 /* Release configuration for PBXNativeTarget "KKTUITests" */ = {
			isa = XCBuildConfiguration;
			buildSettings = {
				CODE_SIGN_STYLE = Automatic;
				CURRENT_PROJECT_VERSION = 1;
				DEVELOPMENT_TEAM = 7QHPJT7WN3;
				GENERATE_INFOPLIST_FILE = YES;
				MARKETING_VERSION = 1.0;
				PRODUCT_BUNDLE_IDENTIFIER = Swordfinger.KKTUITests;
				PRODUCT_NAME = "$(TARGET_NAME)";
				STRING_CATALOG_GENERATE_SYMBOLS = NO;
				SWIFT_APPROACHABLE_CONCURRENCY = YES;
				SWIFT_EMIT_LOC_STRINGS = NO;
				SWIFT_UPCOMING_FEATURE_MEMBER_IMPORT_VISIBILITY = YES;
				SWIFT_VERSION = 5.0;
				TARGETED_DEVICE_FAMILY = "1,2";
				TEST_TARGET_NAME = KKT;
			};
			name = Release;
		};
/* End XCBuildConfiguration section */

/* Begin XCConfigurationList section */
		F2925E1D3060B95600806E73 /* Build configuration list for PBXProject "KKT" */ = {
			isa = XCConfigurationList;
			buildConfigurations = (
				F2925E473060B95700806E73 /* Debug configuration for PBXProject "KKT" */,
				F2925E483060B95700806E73 /* Release configuration for PBXProject "KKT" */,
			);
			defaultConfigurationName = Release;
		};
		F2925E443060B95700806E73 /* Build configuration list for PBXNativeTarget "KKT" */ = {
			isa = XCConfigurationList;
			buildConfigurations = (
				F2925E453060B95700806E73 /* Debug configuration for PBXNativeTarget "KKT" */,
				F2925E463060B95700806E73 /* Release configuration for PBXNativeTarget "KKT" */,
			);
			defaultConfigurationName = Release;
		};
		F2925E493060B95700806E73 /* Build configuration list for PBXNativeTarget "KKTTests" */ = {
			isa = XCConfigurationList;
			buildConfigurations = (
				F2925E4A3060B95700806E73 /* Debug configuration for PBXNativeTarget "KKTTests" */,
				F2925E4B3060B95700806E73 /* Release configuration for PBXNativeTarget "KKTTests" */,
			);
			defaultConfigurationName = Release;
		};
		F2925E4C3060B95700806E73 /* Build configuration list for PBXNativeTarget "KKTUITests" */ = {
			isa = XCConfigurationList;
			buildConfigurations = (
				F2925E4D3060B95700806E73 /* Debug configuration for PBXNativeTarget "KKTUITests" */,
				F2925E4E3060B95700806E73 /* Release configuration for PBXNativeTarget "KKTUITests" */,
			);
			defaultConfigurationName = Release;
		};
/* End XCConfigurationList section */
	};
	rootObject = F2925E1A3060B95600806E73 /* Project object */;
	validationLevel = 1;
}
